// !$*UTF8*$!
{
	archiveVersion = 1;
	classes = {
	};
	objectVersion = 48;
	objects = {

/* Begin PBXBuildFile section */
		D580914420E036F3002F27CA /* Localizable.strings in Resources */ = {isa = PBXBuildFile; fileRef = D580914620E036F3002F27CA /* Localizable.strings */; };
		D58442D420D5B34C008D0274 /* CoreLocation.framework in Frameworks */ = {isa = PBXBuildFile; fileRef = D58442D320D5B34B008D0274 /* CoreLocation.framework */; };
		D5A0BAA420AA9E9D00000B70 /* AppDelegate.swift in Sources */ = {isa = PBXBuildFile; fileRef = D5A0BAA320AA9E9D00000B70 /* AppDelegate.swift */; };
		D5A0BAA920AA9E9D00000B70 /* Main.storyboard in Resources */ = {isa = PBXBuildFile; fileRef = D5A0BAA720AA9E9D00000B70 /* Main.storyboard */; };
		D5A0BAAB20AA9E9D00000B70 /* Assets.xcassets in Resources */ = {isa = PBXBuildFile; fileRef = D5A0BAAA20AA9E9D00000B70 /* Assets.xcassets */; };
		D5A0BAAE20AA9E9D00000B70 /* LaunchScreen.storyboard in Resources */ = {isa = PBXBuildFile; fileRef = D5A0BAAC20AA9E9D00000B70 /* LaunchScreen.storyboard */; };
		D5A0BAB920AA9E9D00000B70 /* WorldTrotterTests.swift in Sources */ = {isa = PBXBuildFile; fileRef = D5A0BAB820AA9E9D00000B70 /* WorldTrotterTests.swift */; };
		D5A0BAC420AA9E9D00000B70 /* WorldTrotterUITests.swift in Sources */ = {isa = PBXBuildFile; fileRef = D5A0BAC320AA9E9D00000B70 /* WorldTrotterUITests.swift */; };
		D5A8214F20D5555C001B36F2 /* WebViewController.swift in Sources */ = {isa = PBXBuildFile; fileRef = D5A8214E20D5555C001B36F2 /* WebViewController.swift */; };
		D5A8215220D561F8001B36F2 /* MapKit.framework in Frameworks */ = {isa = PBXBuildFile; fileRef = D579976120CBBE68009CF7BD /* MapKit.framework */; };
		D5A8215320D561FF001B36F2 /* WebKit.framework in Frameworks */ = {isa = PBXBuildFile; fileRef = D5A8215020D560A6001B36F2 /* WebKit.framework */; };
		D5D89CDF20CF921B009397FA /* MapViewController.swift in Sources */ = {isa = PBXBuildFile; fileRef = D5D89CDE20CF921B009397FA /* MapViewController.swift */; };
		D5D9623C20B94A83001E2790 /* ConversionViewController.swift in Sources */ = {isa = PBXBuildFile; fileRef = D5D9623B20B94A83001E2790 /* ConversionViewController.swift */; };
/* End PBXBuildFile section */

/* Begin PBXContainerItemProxy section */
		D5A0BAB520AA9E9D00000B70 /* PBXContainerItemProxy */ = {
			isa = PBXContainerItemProxy;
			containerPortal = D5A0BA9820AA9E9D00000B70 /* Project object */;
			proxyType = 1;
			remoteGlobalIDString = D5A0BA9F20AA9E9D00000B70;
			remoteInfo = WorldTrotter;
		};
		D5A0BAC020AA9E9D00000B70 /* PBXContainerItemProxy */ = {
			isa = PBXContainerItemProxy;
			containerPortal = D5A0BA9820AA9E9D00000B70 /* Project object */;
			proxyType = 1;
			remoteGlobalIDString = D5A0BA9F20AA9E9D00000B70;
			remoteInfo = WorldTrotter;
		};
/* End PBXContainerItemProxy section */

/* Begin PBXFileReference section */
		D579976120CBBE68009CF7BD /* MapKit.framework */ = {isa = PBXFileReference; lastKnownFileType = wrapper.framework; name = MapKit.framework; path = System/Library/Frameworks/MapKit.framework; sourceTree = SDKROOT; };
		D580914520E036F3002F27CA /* en */ = {isa = PBXFileReference; lastKnownFileType = text.plist.strings; name = en; path = en.lproj/Localizable.strings; sourceTree = "<group>"; };
		D580914820E03731002F27CA /* Base */ = {isa = PBXFileReference; lastKnownFileType = text.plist.strings; name = Base; path = Base.lproj/Localizable.strings; sourceTree = "<group>"; };
		D580914920E0373F002F27CA /* es */ = {isa = PBXFileReference; lastKnownFileType = text.plist.strings; name = es; path = es.lproj/Localizable.strings; sourceTree = "<group>"; };
		D58442D320D5B34B008D0274 /* CoreLocation.framework */ = {isa = PBXFileReference; lastKnownFileType = wrapper.framework; name = CoreLocation.framework; path = System/Library/Frameworks/CoreLocation.framework; sourceTree = SDKROOT; };
		D5A0BAA020AA9E9D00000B70 /* WorldTrotter.app */ = {isa = PBXFileReference; explicitFileType = wrapper.application; includeInIndex = 0; path = WorldTrotter.app; sourceTree = BUILT_PRODUCTS_DIR; };
		D5A0BAA320AA9E9D00000B70 /* AppDelegate.swift */ = {isa = PBXFileReference; lastKnownFileType = sourcecode.swift; path = AppDelegate.swift; sourceTree = "<group>"; };
		D5A0BAA820AA9E9D00000B70 /* Base */ = {isa = PBXFileReference; lastKnownFileType = file.storyboard; name = Base; path = Base.lproj/Main.storyboard; sourceTree = "<group>"; };
		D5A0BAAA20AA9E9D00000B70 /* Assets.xcassets */ = {isa = PBXFileReference; lastKnownFileType = folder.assetcatalog; path = Assets.xcassets; sourceTree = "<group>"; };
		D5A0BAAD20AA9E9D00000B70 /* Base */ = {isa = PBXFileReference; lastKnownFileType = file.storyboard; name = Base; path = Base.lproj/LaunchScreen.storyboard; sourceTree = "<group>"; };
		D5A0BAAF20AA9E9D00000B70 /* Info.plist */ = {isa = PBXFileReference; lastKnownFileType = text.plist.xml; path = Info.plist; sourceTree = "<group>"; };
		D5A0BAB420AA9E9D00000B70 /* WorldTrotterTests.xctest */ = {isa = PBXFileReference; explicitFileType = wrapper.cfbundle; includeInIndex = 0; path = WorldTrotterTests.xctest; sourceTree = BUILT_PRODUCTS_DIR; };
		D5A0BAB820AA9E9D00000B70 /* WorldTrotterTests.swift */ = {isa = PBXFileReference; lastKnownFileType = sourcecode.swift; path = WorldTrotterTests.swift; sourceTree = "<group>"; };
		D5A0BABA20AA9E9D00000B70 /* Info.plist */ = {isa = PBXFileReference; lastKnownFileType = text.plist.xml; path = Info.plist; sourceTree = "<group>"; };
		D5A0BABF20AA9E9D00000B70 /* WorldTrotterUITests.xctest */ = {isa = PBXFileReference; explicitFileType = wrapper.cfbundle; includeInIndex = 0; path = WorldTrotterUITests.xctest; sourceTree = BUILT_PRODUCTS_DIR; };
		D5A0BAC320AA9E9D00000B70 /* WorldTrotterUITests.swift */ = {isa = PBXFileReference; lastKnownFileType = sourcecode.swift; path = WorldTrotterUITests.swift; sourceTree = "<group>"; };
		D5A0BAC520AA9E9D00000B70 /* Info.plist */ = {isa = PBXFileReference; lastKnownFileType = text.plist.xml; path = Info.plist; sourceTree = "<group>"; };
		D5A8214E20D5555C001B36F2 /* WebViewController.swift */ = {isa = PBXFileReference; lastKnownFileType = sourcecode.swift; path = WebViewController.swift; sourceTree = "<group>"; };
		D5A8215020D560A6001B36F2 /* WebKit.framework */ = {isa = PBXFileReference; lastKnownFileType = wrapper.framework; name = WebKit.framework; path = System/Library/Frameworks/WebKit.framework; sourceTree = SDKROOT; };
		D5D35D6D20DE89A9002822DB /* en */ = {isa = PBXFileReference; lastKnownFileType = text.plist.strings; name = en; path = en.lproj/Main.strings; sourceTree = "<group>"; };
		D5D35D6E20DE8B06002822DB /* es */ = {isa = PBXFileReference; lastKnownFileType = text.plist.strings; name = es; path = es.lproj/Main.strings; sourceTree = "<group>"; };
		D5D89CDE20CF921B009397FA /* MapViewController.swift */ = {isa = PBXFileReference; lastKnownFileType = sourcecode.swift; name = MapViewController.swift; path = ../MapViewController.swift; sourceTree = "<group>"; };
		D5D9623B20B94A83001E2790 /* ConversionViewController.swift */ = {isa = PBXFileReference; lastKnownFileType = sourcecode.swift; path = ConversionViewController.swift; sourceTree = "<group>"; };
/* End PBXFileReference section */

/* Begin PBXFrameworksBuildPhase section */
		D5A0BA9D20AA9E9D00000B70 /* Frameworks */ = {
			isa = PBXFrameworksBuildPhase;
			buildActionMask = 2147483647;
			files = (
				D58442D420D5B34C008D0274 /* CoreLocation.framework in Frameworks */,
				D5A8215320D561FF001B36F2 /* WebKit.framework in Frameworks */,
				D5A8215220D561F8001B36F2 /* MapKit.framework in Frameworks */,
			);
			runOnlyForDeploymentPostprocessing = 0;
		};
		D5A0BAB120AA9E9D00000B70 /* Frameworks */ = {
			isa = PBXFrameworksBuildPhase;
			buildActionMask = 2147483647;
			files = (
			);
			runOnlyForDeploymentPostprocessing = 0;
		};
		D5A0BABC20AA9E9D00000B70 /* Frameworks */ = {
			isa = PBXFrameworksBuildPhase;
			buildActionMask = 2147483647;
			files = (
			);
			runOnlyForDeploymentPostprocessing = 0;
		};
/* End PBXFrameworksBuildPhase section */

/* Begin PBXGroup section */
		D579976020CBBE67009CF7BD /* Frameworks */ = {
			isa = PBXGroup;
			children = (
				D58442D320D5B34B008D0274 /* CoreLocation.framework */,
				D5A8215020D560A6001B36F2 /* WebKit.framework */,
				D579976120CBBE68009CF7BD /* MapKit.framework */,
			);
			name = Frameworks;
			sourceTree = "<group>";
		};
		D5A0BA9720AA9E9D00000B70 = {
			isa = PBXGroup;
			children = (
				D5A0BAA220AA9E9D00000B70 /* WorldTrotter */,
				D5A0BAB720AA9E9D00000B70 /* WorldTrotterTests */,
				D5A0BAC220AA9E9D00000B70 /* WorldTrotterUITests */,
				D5A0BAA120AA9E9D00000B70 /* Products */,
				D579976020CBBE67009CF7BD /* Frameworks */,
			);
			sourceTree = "<group>";
		};
		D5A0BAA120AA9E9D00000B70 /* Products */ = {
			isa = PBXGroup;
			children = (
				D5A0BAA020AA9E9D00000B70 /* WorldTrotter.app */,
				D5A0BAB420AA9E9D00000B70 /* WorldTrotterTests.xctest */,
				D5A0BABF20AA9E9D00000B70 /* WorldTrotterUITests.xctest */,
			);
			name = Products;
			sourceTree = "<group>";
		};
		D5A0BAA220AA9E9D00000B70 /* WorldTrotter */ = {
			isa = PBXGroup;
			children = (
				D580914620E036F3002F27CA /* Localizable.strings */,
				D5A0BAA320AA9E9D00000B70 /* AppDelegate.swift */,
				D5D9623B20B94A83001E2790 /* ConversionViewController.swift */,
				D5D89CDE20CF921B009397FA /* MapViewController.swift */,
				D5A8214E20D5555C001B36F2 /* WebViewController.swift */,
				D5A0BAA720AA9E9D00000B70 /* Main.storyboard */,
				D5A0BAAA20AA9E9D00000B70 /* Assets.xcassets */,
				D5A0BAAC20AA9E9D00000B70 /* LaunchScreen.storyboard */,
				D5A0BAAF20AA9E9D00000B70 /* Info.plist */,
			);
			path = WorldTrotter;
			sourceTree = "<group>";
		};
		D5A0BAB720AA9E9D00000B70 /* WorldTrotterTests */ = {
			isa = PBXGroup;
			children = (
				D5A0BAB820AA9E9D00000B70 /* WorldTrotterTests.swift */,
				D5A0BABA20AA9E9D00000B70 /* Info.plist */,
			);
			path = WorldTrotterTests;
			sourceTree = "<group>";
		};
		D5A0BAC220AA9E9D00000B70 /* WorldTrotterUITests */ = {
			isa = PBXGroup;
			children = (
				D5A0BAC320AA9E9D00000B70 /* WorldTrotterUITests.swift */,
				D5A0BAC520AA9E9D00000B70 /* Info.plist */,
			);
			path = WorldTrotterUITests;
			sourceTree = "<group>";
		};
/* End PBXGroup section */

/* Begin PBXNativeTarget section */
		D5A0BA9F20AA9E9D00000B70 /* WorldTrotter */ = {
			isa = PBXNativeTarget;
			buildConfigurationList = D5A0BAC820AA9E9D00000B70 /* Build configuration list for PBXNativeTarget "WorldTrotter" */;
			buildPhases = (
				D5A0BA9C20AA9E9D00000B70 /* Sources */,
				D5A0BA9D20AA9E9D00000B70 /* Frameworks */,
				D5A0BA9E20AA9E9D00000B70 /* Resources */,
			);
			buildRules = (
			);
			dependencies = (
			);
			name = WorldTrotter;
			productName = WorldTrotter;
			productReference = D5A0BAA020AA9E9D00000B70 /* WorldTrotter.app */;
			productType = "com.apple.product-type.application";
		};
		D5A0BAB320AA9E9D00000B70 /* WorldTrotterTests */ = {
			isa = PBXNativeTarget;
			buildConfigurationList = D5A0BACB20AA9E9D00000B70 /* Build configuration list for PBXNativeTarget "WorldTrotterTests" */;
			buildPhases = (
				D5A0BAB020AA9E9D00000B70 /* Sources */,
				D5A0BAB120AA9E9D00000B70 /* Frameworks */,
				D5A0BAB220AA9E9D00000B70 /* Resources */,
			);
			buildRules = (
			);
			dependencies = (
				D5A0BAB620AA9E9D00000B70 /* PBXTargetDependency */,
			);
			name = WorldTrotterTests;
			productName = WorldTrotterTests;
			productReference = D5A0BAB420AA9E9D00000B70 /* WorldTrotterTests.xctest */;
			productType = "com.apple.product-type.bundle.unit-test";
		};
		D5A0BABE20AA9E9D00000B70 /* WorldTrotterUITests */ = {
			isa = PBXNativeTarget;
			buildConfigurationList = D5A0BACE20AA9E9D00000B70 /* Build configuration list for PBXNativeTarget "WorldTrotterUITests" */;
			buildPhases = (
				D5A0BABB20AA9E9D00000B70 /* Sources */,
				D5A0BABC20AA9E9D00000B70 /* Frameworks */,
				D5A0BABD20AA9E9D00000B70 /* Resources */,
			);
			buildRules = (
			);
			dependencies = (
				D5A0BAC120AA9E9D00000B70 /* PBXTargetDependency */,
			);
			name = WorldTrotterUITests;
			productName = WorldTrotterUITests;
			productReference = D5A0BABF20AA9E9D00000B70 /* WorldTrotterUITests.xctest */;
			productType = "com.apple.product-type.bundle.ui-testing";
		};
/* End PBXNativeTarget section */

/* Begin PBXProject section */
		D5A0BA9820AA9E9D00000B70 /* Project object */ = {
			isa = PBXProject;
			attributes = {
				LastSwiftUpdateCheck = 0920;
				LastUpgradeCheck = 0930;
				ORGANIZATIONNAME = com.example.flia;
				TargetAttributes = {
					D5A0BA9F20AA9E9D00000B70 = {
						CreatedOnToolsVersion = 9.2;
						ProvisioningStyle = Automatic;
					};
					D5A0BAB320AA9E9D00000B70 = {
						CreatedOnToolsVersion = 9.2;
						ProvisioningStyle = Automatic;
						TestTargetID = D5A0BA9F20AA9E9D00000B70;
					};
					D5A0BABE20AA9E9D00000B70 = {
						CreatedOnToolsVersion = 9.2;
						ProvisioningStyle = Automatic;
						TestTargetID = D5A0BA9F20AA9E9D00000B70;
					};
				};
			};
			buildConfigurationList = D5A0BA9B20AA9E9D00000B70 /* Build configuration list for PBXProject "WorldTrotter" */;
			compatibilityVersion = "Xcode 8.0";
			developmentRegion = en;
			hasScannedForEncodings = 0;
			knownRegions = (
				en,
				Base,
				es,
			);
			mainGroup = D5A0BA9720AA9E9D00000B70;
			productRefGroup = D5A0BAA120AA9E9D00000B70 /* Products */;
			projectDirPath = "";
			projectRoot = "";
			targets = (
				D5A0BA9F20AA9E9D00000B70 /* WorldTrotter */,
				D5A0BAB320AA9E9D00000B70 /* WorldTrotterTests */,
				D5A0BABE20AA9E9D00000B70 /* WorldTrotterUITests */,
			);
		};
/* End PBXProject section */

/* Begin PBXResourcesBuildPhase section */
		D5A0BA9E20AA9E9D00000B70 /* Resources */ = {
			isa = PBXResourcesBuildPhase;
			buildActionMask = 2147483647;
			files = (
				D5A0BAAE20AA9E9D00000B70 /* LaunchScreen.storyboard in Resources */,
				D580914420E036F3002F27CA /* Localizable.strings in Resources */,
				D5A0BAAB20AA9E9D00000B70 /* Assets.xcassets in Resources */,
				D5A0BAA920AA9E9D00000B70 /* Main.storyboard in Resources */,
			);
			runOnlyForDeploymentPostprocessing = 0;
		};
		D5A0BAB220AA9E9D00000B70 /* Resources */ = {
			isa = PBXResourcesBuildPhase;
			buildActionMask = 2147483647;
			files = (
			);
			runOnlyForDeploymentPostprocessing = 0;
		};
		D5A0BABD20AA9E9D00000B70 /* Resources */ = {
			isa = PBXResourcesBuildPhase;
			buildActionMask = 2147483647;
			files = (
			);
			runOnlyForDeploymentPostprocessing = 0;
		};
/* End PBXResourcesBuildPhase section */

/* Begin PBXSourcesBuildPhase section */
		D5A0BA9C20AA9E9D00000B70 /* Sources */ = {
			isa = PBXSourcesBuildPhase;
			buildActionMask = 2147483647;
			files = (
				D5D9623C20B94A83001E2790 /* ConversionViewController.swift in Sources */,
				D5D89CDF20CF921B009397FA /* MapViewController.swift in Sources */,
				D5A0BAA420AA9E9D00000B70 /* AppDelegate.swift in Sources */,
				D5A8214F20D5555C001B36F2 /* WebViewController.swift in Sources */,
			);
			runOnlyForDeploymentPostprocessing = 0;
		};
		D5A0BAB020AA9E9D00000B70 /* Sources */ = {
			isa = PBXSourcesBuildPhase;
			buildActionMask = 2147483647;
			files = (
				D5A0BAB920AA9E9D00000B70 /* WorldTrotterTests.swift in Sources */,
			);
			runOnlyForDeploymentPostprocessing = 0;
		};
		D5A0BABB20AA9E9D00000B70 /* Sources */ = {
			isa = PBXSourcesBuildPhase;
			buildActionMask = 2147483647;
			files = (
				D5A0BAC420AA9E9D00000B70 /* WorldTrotterUITests.swift in Sources */,
			);
			runOnlyForDeploymentPostprocessing = 0;
		};
/* End PBXSourcesBuildPhase section */

/* Begin PBXTargetDependency section */
		D5A0BAB620AA9E9D00000B70 /* PBXTargetDependency */ = {
			isa = PBXTargetDependency;
			target = D5A0BA9F20AA9E9D00000B70 /* WorldTrotter */;
			targetProxy = D5A0BAB520AA9E9D00000B70 /* PBXContainerItemProxy */;
		};
		D5A0BAC120AA9E9D00000B70 /* PBXTargetDependency */ = {
			isa = PBXTargetDependency;
			target = D5A0BA9F20AA9E9D00000B70 /* WorldTrotter */;
			targetProxy = D5A0BAC020AA9E9D00000B70 /* PBXContainerItemProxy */;
		};
/* End PBXTargetDependency section */

/* Begin PBXVariantGroup section */
		D580914620E036F3002F27CA /* Localizable.strings */ = {
			isa = PBXVariantGroup;
			children = (
				D580914520E036F3002F27CA /* en */,
				D580914820E03731002F27CA /* Base */,
				D580914920E0373F002F27CA /* es */,
			);
			name = Localizable.strings;
			sourceTree = SOURCE_ROOT;
		};
		D5A0BAA720AA9E9D00000B70 /* Main.storyboard */ = {
			isa = PBXVariantGroup;
			children = (
				D5A0BAA820AA9E9D00000B70 /* Base */,
				D5D35D6D20DE89A9002822DB /* en */,
				D5D35D6E20DE8B06002822DB /* es */,
			);
			name = Main.storyboard;
			sourceTree = "<group>";
		};
		D5A0BAAC20AA9E9D00000B70 /* LaunchScreen.storyboard */ = {
			isa = PBXVariantGroup;
			children = (
				D5A0BAAD20AA9E9D00000B70 /* Base */,
			);
			name = LaunchScreen.storyboard;
			sourceTree = "<group>";
		};
/* End PBXVariantGroup section */

/* Begin XCBuildConfiguration section */
		D5A0BAC620AA9E9D00000B70 /* Debug */ = {
			isa = XCBuildConfiguration;
			buildSettings = {
				ALWAYS_SEARCH_USER_PATHS = NO;
				CLANG_ANALYZER_LOCALIZABILITY_NONLOCALIZED = YES;
				CLANG_ANALYZER_NONNULL = YES;
				CLANG_ANALYZER_NUMBER_OBJECT_CONVERSION = YES_AGGRESSIVE;
				CLANG_CXX_LANGUAGE_STANDARD = "gnu++14";
				CLANG_CXX_LIBRARY = "libc++";
				CLANG_ENABLE_MODULES = YES;
				CLANG_ENABLE_OBJC_ARC = YES;
				CLANG_WARN_BLOCK_CAPTURE_AUTORELEASING = YES;
				CLANG_WARN_BOOL_CONVERSION = YES;
				CLANG_WARN_COMMA = YES;
				CLANG_WARN_CONSTANT_CONVERSION = YES;
				CLANG_WARN_DEPRECATED_OBJC_IMPLEMENTATIONS = YES;
				CLANG_WARN_DIRECT_OBJC_ISA_USAGE = YES_ERROR;
				CLANG_WARN_DOCUMENTATION_COMMENTS = YES;
				CLANG_WARN_EMPTY_BODY = YES;
				CLANG_WARN_ENUM_CONVERSION = YES;
				CLANG_WARN_INFINITE_RECURSION = YES;
				CLANG_WARN_INT_CONVERSION = YES;
				CLANG_WARN_NON_LITERAL_NULL_CONVERSION = YES;
				CLANG_WARN_OBJC_IMPLICIT_RETAIN_SELF = YES;
				CLANG_WARN_OBJC_LITERAL_CONVERSION = YES;
				CLANG_WARN_OBJC_ROOT_CLASS = YES_ERROR;
				CLANG_WARN_RANGE_LOOP_ANALYSIS = YES;
				CLANG_WARN_STRICT_PROTOTYPES = YES;
				CLANG_WARN_SUSPICIOUS_MOVE = YES;
				CLANG_WARN_UNGUARDED_AVAILABILITY = YES_AGGRESSIVE;
				CLANG_WARN_UNREACHABLE_CODE = YES;
				CLANG_WARN__DUPLICATE_METHOD_MATCH = YES;
				CODE_SIGN_IDENTITY = "iPhone Developer";
				COPY_PHASE_STRIP = NO;
				DEBUG_INFORMATION_FORMAT = dwarf;
				ENABLE_STRICT_OBJC_MSGSEND = YES;
				ENABLE_TESTABILITY = YES;
				GCC_C_LANGUAGE_STANDARD = gnu11;
				GCC_DYNAMIC_NO_PIC = NO;
				GCC_NO_COMMON_BLOCKS = YES;
				GCC_OPTIMIZATION_LEVEL = 0;
				GCC_PREPROCESSOR_DEFINITIONS = (
					"DEBUG=1",
					"$(inherited)",
				);
				GCC_WARN_64_TO_32_BIT_CONVERSION = YES;
				GCC_WARN_ABOUT_RETURN_TYPE = YES_ERROR;
				GCC_WARN_UNDECLARED_SELECTOR = YES;
				GCC_WARN_UNINITIALIZED_AUTOS = YES_AGGRESSIVE;
				GCC_WARN_UNUSED_FUNCTION = YES;
				GCC_WARN_UNUSED_VARIABLE = YES;
				IPHONEOS_DEPLOYMENT_TARGET = 11.2;
				MTL_ENABLE_DEBUG_INFO = YES;
				ONLY_ACTIVE_ARCH = YES;
				SDKROOT = iphoneos;
				SWIFT_ACTIVE_COMPILATION_CONDITIONS = DEBUG;
				SWIFT_OPTIMIZATION_LEVEL = "-Onone";
			};
			name = Debug;
		};
		D5A0BAC720AA9E9D00000B70 /* Release */ = {
			isa = XCBuildConfiguration;
			buildSettings = {
				ALWAYS_SEARCH_USER_PATHS = NO;
				CLANG_ANALYZER_LOCALIZABILITY_NONLOCALIZED = YES;
				CLANG_ANALYZER_NONNULL = YES;
				CLANG_ANALYZER_NUMBER_OBJECT_CONVERSION = YES_AGGRESSIVE;
				CLANG_CXX_LANGUAGE_STANDARD = "gnu++14";
				CLANG_CXX_LIBRARY = "libc++";
				CLANG_ENABLE_MODULES = YES;
				CLANG_ENABLE_OBJC_ARC = YES;
				CLANG_WARN_BLOCK_CAPTURE_AUTORELEASING = YES;
				CLANG_WARN_BOOL_CONVERSION = YES;
				CLANG_WARN_COMMA = YES;
				CLANG_WARN_CONSTANT_CONVERSION = YES;
				CLANG_WARN_DEPRECATED_OBJC_IMPLEMENTATIONS = YES;
				CLANG_WARN_DIRECT_OBJC_ISA_USAGE = YES_ERROR;
				CLANG_WARN_DOCUMENTATION_COMMENTS = YES;
				CLANG_WARN_EMPTY_BODY = YES;
				CLANG_WARN_ENUM_CONVERSION = YES;
				CLANG_WARN_INFINITE_RECURSION = YES;
				CLANG_WARN_INT_CONVERSION = YES;
				CLANG_WARN_NON_LITERAL_NULL_CONVERSION = YES;
				CLANG_WARN_OBJC_IMPLICIT_RETAIN_SELF = YES;
				CLANG_WARN_OBJC_LITERAL_CONVERSION = YES;
				CLANG_WARN_OBJC_ROOT_CLASS = YES_ERROR;
				CLANG_WARN_RANGE_LOOP_ANALYSIS = YES;
				CLANG_WARN_STRICT_PROTOTYPES = YES;
				CLANG_WARN_SUSPICIOUS_MOVE = YES;
				CLANG_WARN_UNGUARDED_AVAILABILITY = YES_AGGRESSIVE;
				CLANG_WARN_UNREACHABLE_CODE = YES;
				CLANG_WARN__DUPLICATE_METHOD_MATCH = YES;
				CODE_SIGN_IDENTITY = "iPhone Developer";
				COPY_PHASE_STRIP = NO;
				DEBUG_INFORMATION_FORMAT = "dwarf-with-dsym";
				ENABLE_NS_ASSERTIONS = NO;
				ENABLE_STRICT_OBJC_MSGSEND = YES;
				GCC_C_LANGUAGE_STANDARD = gnu11;
				GCC_NO_COMMON_BLOCKS = YES;
				GCC_WARN_64_TO_32_BIT_CONVERSION = YES;
				GCC_WARN_ABOUT_RETURN_TYPE = YES_ERROR;
				GCC_WARN_UNDECLARED_SELECTOR = YES;
				GCC_WARN_UNINITIALIZED_AUTOS = YES_AGGRESSIVE;
				GCC_WARN_UNUSED_FUNCTION = YES;
				GCC_WARN_UNUSED_VARIABLE = YES;
				IPHONEOS_DEPLOYMENT_TARGET = 11.2;
				MTL_ENABLE_DEBUG_INFO = NO;
				SDKROOT = iphoneos;
				SWIFT_OPTIMIZATION_LEVEL = "-Owholemodule";
				VALIDATE_PRODUCT = YES;
			};
			name = Release;
		};
		D5A0BAC920AA9E9D00000B70 /* Debug */ = {
			isa = XCBuildConfiguration;
			buildSettings = {
				ASSETCATALOG_COMPILER_APPICON_NAME = AppIcon;
				CODE_SIGN_STYLE = Automatic;
				INFOPLIST_FILE = WorldTrotter/Info.plist;
				LD_RUNPATH_SEARCH_PATHS = "$(inherited) @executable_path/Frameworks";
				PRODUCT_BUNDLE_IDENTIFIER = com.flia.WorldTrotter;
				PRODUCT_NAME = "$(TARGET_NAME)";
				SWIFT_VERSION = 4.0;
				TARGETED_DEVICE_FAMILY = "1,2";
			};
			name = Debug;
		};
		D5A0BACA20AA9E9D00000B70 /* Release */ = {
			isa = XCBuildConfiguration;
			buildSettings = {
				ASSETCATALOG_COMPILER_APPICON_NAME = AppIcon;
				CODE_SIGN_STYLE = Automatic;
				INFOPLIST_FILE = WorldTrotter/Info.plist;
				LD_RUNPATH_SEARCH_PATHS = "$(inherited) @executable_path/Frameworks";
				PRODUCT_BUNDLE_IDENTIFIER = com.flia.WorldTrotter;
				PRODUCT_NAME = "$(TARGET_NAME)";
				SWIFT_VERSION = 4.0;
				TARGETED_DEVICE_FAMILY = "1,2";
			};
			name = Release;
		};
		D5A0BACC20AA9E9D00000B70 /* Debug */ = {
			isa = XCBuildConfiguration;
			buildSettings = {
				ALWAYS_EMBED_SWIFT_STANDARD_LIBRARIES = YES;
				BUNDLE_LOADER = "$(TEST_HOST)";
				CODE_SIGN_STYLE = Automatic;
				INFOPLIST_FILE = WorldTrotterTests/Info.plist;
				LD_RUNPATH_SEARCH_PATHS = "$(inherited) @executable_path/Frameworks @loader_path/Frameworks";
				PRODUCT_BUNDLE_IDENTIFIER = com.flia.WorldTrotterTests;
				PRODUCT_NAME = "$(TARGET_NAME)";
				SWIFT_VERSION = 4.0;
				TARGETED_DEVICE_FAMILY = "1,2";
				TEST_HOST = "$(BUILT_PRODUCTS_DIR)/WorldTrotter.app/WorldTrotter";
			};
			name = Debug;
		};
		D5A0BACD20AA9E9D00000B70 /* Release */ = {
			isa = XCBuildConfiguration;
			buildSettings = {
				ALWAYS_EMBED_SWIFT_STANDARD_LIBRARIES = YES;
				BUNDLE_LOADER = "$(TEST_HOST)";
				CODE_SIGN_STYLE = Automatic;
				INFOPLIST_FILE = WorldTrotterTests/Info.plist;
				LD_RUNPATH_SEARCH_PATHS = "$(inherited) @executable_path/Frameworks @loader_path/Frameworks";
				PRODUCT_BUNDLE_IDENTIFIER = com.flia.WorldTrotterTests;
				PRODUCT_NAME = "$(TARGET_NAME)";
				SWIFT_VERSION = 4.0;
				TARGETED_DEVICE_FAMILY = "1,2";
				TEST_HOST = "$(BUILT_PRODUCTS_DIR)/WorldTrotter.app/WorldTrotter";
			};
			name = Release;
		};
		D5A0BACF20AA9E9D00000B70 /* Debug */ = {
			isa = XCBuildConfiguration;
			buildSettings = {
				ALWAYS_EMBED_SWIFT_STANDARD_LIBRARIES = YES;
				CODE_SIGN_STYLE = Automatic;
				INFOPLIST_FILE = WorldTrotterUITests/Info.plist;
				LD_RUNPATH_SEARCH_PATHS = "$(inherited) @executable_path/Frameworks @loader_path/Frameworks";
				PRODUCT_BUNDLE_IDENTIFIER = com.flia.WorldTrotterUITests;
				PRODUCT_NAME = "$(TARGET_NAME)";
				SWIFT_VERSION = 4.0;
				TARGETED_DEVICE_FAMILY = "1,2";
				TEST_TARGET_NAME = WorldTrotter;
			};
			name = Debug;
		};
		D5A0BAD020AA9E9D00000B70 /* Release */ = {
			isa = XCBuildConfiguration;
			buildSettings = {
				ALWAYS_EMBED_SWIFT_STANDARD_LIBRARIES = YES;
				CODE_SIGN_STYLE = Automatic;
				INFOPLIST_FILE = WorldTrotterUITests/Info.plist;
				LD_RUNPATH_SEARCH_PATHS = "$(inherited) @executable_path/Frameworks @loader_path/Frameworks";
				PRODUCT_BUNDLE_IDENTIFIER = com.flia.WorldTrotterUITests;
				PRODUCT_NAME = "$(TARGET_NAME)";
				SWIFT_VERSION = 4.0;
				TARGETED_DEVICE_FAMILY = "1,2";
				TEST_TARGET_NAME = WorldTrotter;
			};
			name = Release;
		};
/* End XCBuildConfiguration section */

/* Begin XCConfigurationList section */
		D5A0BA9B20AA9E9D00000B70 /* Build configuration list for PBXProject "WorldTrotter" */ = {
			isa = XCConfigurationList;
			buildConfigurations = (
				D5A0BAC620AA9E9D00000B70 /* Debug */,
				D5A0BAC720AA9E9D00000B70 /* Release */,
			);
			defaultConfigurationIsVisible = 0;
			defaultConfigurationName = Release;
		};
		D5A0BAC820AA9E9D00000B70 /* Build configuration list for PBXNativeTarget "WorldTrotter" */ = {
			isa = XCConfigurationList;
			buildConfigurations = (
				D5A0BAC920AA9E9D00000B70 /* Debug */,
				D5A0BACA20AA9E9D00000B70 /* Release */,
			);
			defaultConfigurationIsVisible = 0;
			defaultConfigurationName = Release;
		};
		D5A0BACB20AA9E9D00000B70 /* Build configuration list for PBXNativeTarget "WorldTrotterTests" */ = {
			isa = XCConfigurationList;
			buildConfigurations = (
				D5A0BACC20AA9E9D00000B70 /* Debug */,
				D5A0BACD20AA9E9D00000B70 /* Release */,
			);
			defaultConfigurationIsVisible = 0;
			defaultConfigurationName = Release;
		};
		D5A0BACE20AA9E9D00000B70 /* Build configuration list for PBXNativeTarget "WorldTrotterUITests" */ = {
			isa = XCConfigurationList;
			buildConfigurations = (
				D5A0BACF20AA9E9D00000B70 /* Debug */,
				D5A0BAD020AA9E9D00000B70 /* Release */,
			);
			defaultConfigurationIsVisible = 0;
			defaultConfigurationName = Release;
		};
/* End XCConfigurationList section */
	};
	rootObject = D5A0BA9820AA9E9D00000B70 /* Project object */;
}
